
Microsoft Visual Studio Solution File, Format Version 12.00
# Visual Studio Version 17
VisualStudioVersion = 17.14.36310.24 d17.14
MinimumVisualStudioVersion = 10.0.40219.1
Project("{FAE04EC0-301F-11D3-BF4B-00C04F79EFBC}") = "İB_Stok_Takip", "İB_Stok_Takip.csproj", "{E05AC6AB-D718-46B2-8EC8-4A3A9F5BD990}"
EndProject
Global
	GlobalSection(SolutionConfigurationPlatforms) = preSolution
		Debug|Any CPU = Debug|Any CPU
		Release|Any CPU = Release|Any CPU
	EndGlobalSection
	GlobalSection(ProjectConfigurationPlatforms) = postSolution
		{E05AC6AB-D718-46B2-8EC8-4A3A9F5BD990}.Debug|Any CPU.ActiveCfg = Debug|Any CPU
		{E05AC6AB-D718-46B2-8EC8-4A3A9F5BD990}.Debug|Any CPU.Build.0 = Debug|Any CPU
		{E05AC6AB-D718-46B2-8EC8-4A3A9F5BD990}.Release|Any CPU.ActiveCfg = Release|Any CPU
		{E05AC6AB-D718-46B2-8EC8-4A3A9F5BD990}.Release|Any CPU.Build.0 = Release|Any CPU
	EndGlobalSection
	GlobalSection(SolutionProperties) = preSolution
		HideSolutionNode = FALSE
	EndGlobalSection
	GlobalSection(ExtensibilityGlobals) = postSolution
		SolutionGuid = {A913A588-D438-4BD6-9725-13E767517536}
	EndGlobalSection
EndGlobal
